
Microsoft Visual Studio Solution File, Format Version 12.00
# Visual Studio 15
VisualStudioVersion = 15.0.28307.705
MinimumVisualStudioVersion = 10.0.40219.1
Project("{FAE04EC0-301F-11D3-BF4B-00C04F79EFBC}") = "ConsoleApp1", "ConsoleApp1\ConsoleApp1.csproj", "{369C6CFD-AB6A-467B-B806-97D2C0F70C8D}"
EndProject
Global
	GlobalSection(SolutionConfigurationPlatforms) = preSolution
		Debug|Any CPU = Debug|Any CPU
		Release|Any CPU = Release|Any CPU
	EndGlobalSection
	GlobalSection(ProjectConfigurationPlatforms) = postSolution
		{369C6CFD-AB6A-467B-B806-97D2C0F70C8D}.Debug|Any CPU.ActiveCfg = Debug|Any CPU
		{369C6CFD-AB6A-467B-B806-97D2C0F70C8D}.Debug|Any CPU.Build.0 = Debug|Any CPU
		{369C6CFD-AB6A-467B-B806-97D2C0F70C8D}.Release|Any CPU.ActiveCfg = Release|Any CPU
		{369C6CFD-AB6A-467B-B806-97D2C0F70C8D}.Release|Any CPU.Build.0 = Release|Any CPU
	EndGlobalSection
	GlobalSection(SolutionProperties) = preSolution
		HideSolutionNode = FALSE
	EndGlobalSection
	GlobalSection(ExtensibilityGlobals) = postSolution
		SolutionGuid = {D5E4BEF0-5298-4749-854A-4297233263A0}
	EndGlobalSection
EndGlobal
